
Microsoft Visual Studio Solution File, Format Version 12.00
# Visual Studio Version 17
VisualStudioVersion = 17.9.34723.18
MinimumVisualStudioVersion = 10.0.40219.1
Project("{9A19103F-16F7-4668-BE54-9A1E7A4F7556}") = "FitHouseV1", "FitHouseV1\FitHouseV1.csproj", "{0A3C69B1-87EA-42E1-8D6B-D9E0C33BBDB3}"
EndProject
Project("{FAE04EC0-301F-11D3-BF4B-00C04F79EFBC}") = "DATA", "DATA\DATA.csproj", "{5181BA83-4A0F-4DAF-86FE-1DDB82BDD389}"
EndProject
Project("{FAE04EC0-301F-11D3-BF4B-00C04F79EFBC}") = "MODELS", "MODELS\MODELS.csproj", "{2334F6E0-69D2-42EE-91D7-15343E28A867}"
EndProject
Project("{FAE04EC0-301F-11D3-BF4B-00C04F79EFBC}") = "REPOSITORY", "REPOSITORY\REPOSITORY.csproj", "{52C81197-D80D-44A6-8CAA-96F034DF77A1}"
EndProject
Project("{FAE04EC0-301F-11D3-BF4B-00C04F79EFBC}") = "SERVICES", "SERVICES\SERVICES.csproj", "{03BE888A-1E9F-416D-B33A-865975538786}"
EndProject
Project("{FAE04EC0-301F-11D3-BF4B-00C04F79EFBC}") = "UTILITIES", "UTILITIES\UTILITIES.csproj", "{56C4A7D1-42E1-4183-8516-153F3D11AB37}"
EndProject
Global
	GlobalSection(SolutionConfigurationPlatforms) = preSolution
		Debug|Any CPU = Debug|Any CPU
		Release|Any CPU = Release|Any CPU
	EndGlobalSection
	GlobalSection(ProjectConfigurationPlatforms) = postSolution
		{0A3C69B1-87EA-42E1-8D6B-D9E0C33BBDB3}.Debug|Any CPU.ActiveCfg = Debug|Any CPU
		{0A3C69B1-87EA-42E1-8D6B-D9E0C33BBDB3}.Debug|Any CPU.Build.0 = Debug|Any CPU
		{0A3C69B1-87EA-42E1-8D6B-D9E0C33BBDB3}.Release|Any CPU.ActiveCfg = Release|Any CPU
		{0A3C69B1-87EA-42E1-8D6B-D9E0C33BBDB3}.Release|Any CPU.Build.0 = Release|Any CPU
		{5181BA83-4A0F-4DAF-86FE-1DDB82BDD389}.Debug|Any CPU.ActiveCfg = Debug|Any CPU
		{5181BA83-4A0F-4DAF-86FE-1DDB82BDD389}.Debug|Any CPU.Build.0 = Debug|Any CPU
		{5181BA83-4A0F-4DAF-86FE-1DDB82BDD389}.Release|Any CPU.ActiveCfg = Release|Any CPU
		{5181BA83-4A0F-4DAF-86FE-1DDB82BDD389}.Release|Any CPU.Build.0 = Release|Any CPU
		{2334F6E0-69D2-42EE-91D7-15343E28A867}.Debug|Any CPU.ActiveCfg = Debug|Any CPU
		{2334F6E0-69D2-42EE-91D7-15343E28A867}.Debug|Any CPU.Build.0 = Debug|Any CPU
		{2334F6E0-69D2-42EE-91D7-15343E28A867}.Release|Any CPU.ActiveCfg = Release|Any CPU
		{2334F6E0-69D2-42EE-91D7-15343E28A867}.Release|Any CPU.Build.0 = Release|Any CPU
		{52C81197-D80D-44A6-8CAA-96F034DF77A1}.Debug|Any CPU.ActiveCfg = Debug|Any CPU
		{52C81197-D80D-44A6-8CAA-96F034DF77A1}.Debug|Any CPU.Build.0 = Debug|Any CPU
		{52C81197-D80D-44A6-8CAA-96F034DF77A1}.Release|Any CPU.ActiveCfg = Release|Any CPU
		{52C81197-D80D-44A6-8CAA-96F034DF77A1}.Release|Any CPU.Build.0 = Release|Any CPU
		{03BE888A-1E9F-416D-B33A-865975538786}.Debug|Any CPU.ActiveCfg = Debug|Any CPU
		{03BE888A-1E9F-416D-B33A-865975538786}.Debug|Any CPU.Build.0 = Debug|Any CPU
		{03BE888A-1E9F-416D-B33A-865975538786}.Release|Any CPU.ActiveCfg = Release|Any CPU
		{03BE888A-1E9F-416D-B33A-865975538786}.Release|Any CPU.Build.0 = Release|Any CPU
		{56C4A7D1-42E1-4183-8516-153F3D11AB37}.Debug|Any CPU.ActiveCfg = Debug|Any CPU
		{56C4A7D1-42E1-4183-8516-153F3D11AB37}.Debug|Any CPU.Build.0 = Debug|Any CPU
		{56C4A7D1-42E1-4183-8516-153F3D11AB37}.Release|Any CPU.ActiveCfg = Release|Any CPU
		{56C4A7D1-42E1-4183-8516-153F3D11AB37}.Release|Any CPU.Build.0 = Release|Any CPU
	EndGlobalSection
	GlobalSection(SolutionProperties) = preSolution
		HideSolutionNode = FALSE
	EndGlobalSection
	GlobalSection(ExtensibilityGlobals) = postSolution
		SolutionGuid = {7AF6E6E4-AE42-40CF-B296-2EB1C33DD033}
	EndGlobalSection
EndGlobal
